
Microsoft Visual Studio Solution File, Format Version 12.00
# Visual Studio Version 17
VisualStudioVersion = 17.3.32929.385
MinimumVisualStudioVersion = 10.0.40219.1
Project("{FAE04EC0-301F-11D3-BF4B-00C04F79EFBC}") = "Первый шаг", "Первый шаг.csproj", "{40D5C623-DE59-4D5D-8EEA-CF396533F136}"
EndProject
Global
	GlobalSection(SolutionConfigurationPlatforms) = preSolution
		Debug|Any CPU = Debug|Any CPU
		Release|Any CPU = Release|Any CPU
	EndGlobalSection
	GlobalSection(ProjectConfigurationPlatforms) = postSolution
		{40D5C623-DE59-4D5D-8EEA-CF396533F136}.Debug|Any CPU.ActiveCfg = Debug|Any CPU
		{40D5C623-DE59-4D5D-8EEA-CF396533F136}.Debug|Any CPU.Build.0 = Debug|Any CPU
		{40D5C623-DE59-4D5D-8EEA-CF396533F136}.Release|Any CPU.ActiveCfg = Release|Any CPU
		{40D5C623-DE59-4D5D-8EEA-CF396533F136}.Release|Any CPU.Build.0 = Release|Any CPU
	EndGlobalSection
	GlobalSection(SolutionProperties) = preSolution
		HideSolutionNode = FALSE
	EndGlobalSection
	GlobalSection(ExtensibilityGlobals) = postSolution
		SolutionGuid = {D2AB8818-D6D7-42D7-B0A7-B57FDCCBEB37}
	EndGlobalSection
EndGlobal
